
Microsoft Visual Studio Solution File, Format Version 12.00
# Visual Studio 15
VisualStudioVersion = 15.0.26430.15
MinimumVisualStudioVersion = 10.0.40219.1
Project("{9A19103F-16F7-4668-BE54-9A1E7A4F7556}") = "KF2WorkshopUrlConverter.Tests", "KF2WorkshopUrlConverter.Tests\KF2WorkshopUrlConverter.Tests.csproj", "{509D010C-D3CA-4FC1-9158-732BC6FBC2A4}"
EndProject
Project("{9A19103F-16F7-4668-BE54-9A1E7A4F7556}") = "KF2WorkshopUrlConverter.Core", "KF2WorkshopUrlConverter.Core\KF2WorkshopUrlConverter.Core.csproj", "{8018207F-D2B9-4CC2-BAC9-1BE6400CEC0F}"
EndProject
Global
	GlobalSection(SolutionConfigurationPlatforms) = preSolution
		Debug|Any CPU = Debug|Any CPU
		Release|Any CPU = Release|Any CPU
	EndGlobalSection
	GlobalSection(ProjectConfigurationPlatforms) = postSolution
		{509D010C-D3CA-4FC1-9158-732BC6FBC2A4}.Debug|Any CPU.ActiveCfg = Debug|Any CPU
		{509D010C-D3CA-4FC1-9158-732BC6FBC2A4}.Debug|Any CPU.Build.0 = Debug|Any CPU
		{509D010C-D3CA-4FC1-9158-732BC6FBC2A4}.Release|Any CPU.ActiveCfg = Release|Any CPU
		{509D010C-D3CA-4FC1-9158-732BC6FBC2A4}.Release|Any CPU.Build.0 = Release|Any CPU
		{8018207F-D2B9-4CC2-BAC9-1BE6400CEC0F}.Debug|Any CPU.ActiveCfg = Debug|Any CPU
		{8018207F-D2B9-4CC2-BAC9-1BE6400CEC0F}.Debug|Any CPU.Build.0 = Debug|Any CPU
		{8018207F-D2B9-4CC2-BAC9-1BE6400CEC0F}.Release|Any CPU.ActiveCfg = Release|Any CPU
		{8018207F-D2B9-4CC2-BAC9-1BE6400CEC0F}.Release|Any CPU.Build.0 = Release|Any CPU
	EndGlobalSection
	GlobalSection(SolutionProperties) = preSolution
		HideSolutionNode = FALSE
	EndGlobalSection
	GlobalSection(ExtensibilityGlobals) = postSolution
		SolutionGuid = {80552560-0BD5-45B0-901A-09C0ABDB6606}
	EndGlobalSection
EndGlobal
